
Microsoft Visual Studio Solution File, Format Version 12.00
# Visual Studio Version 16
VisualStudioVersion = 16.0.31321.278
MinimumVisualStudioVersion = 10.0.40219.1
Project("{FAE04EC0-301F-11D3-BF4B-00C04F79EFBC}") = "Examen1", "Examen1\Examen1.csproj", "{CA99F1EB-E840-4282-821B-9A64D3E6C552}"
EndProject
Global
	GlobalSection(SolutionConfigurationPlatforms) = preSolution
		Debug|Any CPU = Debug|Any CPU
		Release|Any CPU = Release|Any CPU
	EndGlobalSection
	GlobalSection(ProjectConfigurationPlatforms) = postSolution
		{CA99F1EB-E840-4282-821B-9A64D3E6C552}.Debug|Any CPU.ActiveCfg = Debug|Any CPU
		{CA99F1EB-E840-4282-821B-9A64D3E6C552}.Debug|Any CPU.Build.0 = Debug|Any CPU
		{CA99F1EB-E840-4282-821B-9A64D3E6C552}.Release|Any CPU.ActiveCfg = Release|Any CPU
		{CA99F1EB-E840-4282-821B-9A64D3E6C552}.Release|Any CPU.Build.0 = Release|Any CPU
	EndGlobalSection
	GlobalSection(SolutionProperties) = preSolution
		HideSolutionNode = FALSE
	EndGlobalSection
	GlobalSection(ExtensibilityGlobals) = postSolution
		SolutionGuid = {87466E1A-38B2-4CD5-884A-55241709694B}
	EndGlobalSection
EndGlobal
